{
  "requires": true,
  "lockfileVersion": 1,
  "dependencies": {
    "goober": {
      "version": "2.0.41",
      "resolved": "https://registry.npmjs.org/goober/-/goober-2.0.41.tgz",
      "integrity": "sha512-kwjegMT5018zWydhOQlQneCgCtrKJaPsru7TaBWmTYV0nsMeUrM6L6O8JmNYb9UbPMgWcmtf+9p4Y3oJabIH1A=="
    },
    "react-hot-toast": {
      "version": "2.1.1",
      "resolved": "https://registry.npmjs.org/react-hot-toast/-/react-hot-toast-2.1.1.tgz",
      "integrity": "sha512-Odrp4wue0fHh0pOfZt5H+9nWCMtqs3wdlFSzZPp7qsxfzmbE26QmGWIh6hG43CukiPeOjA8WQhBJU8JwtWvWbQ==",
      "requires": {
        "goober": "^2.0.35"
      }
    }
  }
}
